{
  "version": 4,
  "terraform_version": "1.9.6",
  "serial": 1,
  "lineage": "82a14001-d6c0-3985-0419-c7a1e167ad0e",
  "outputs": {},
  "resources": [
    {
      "mode": "managed",
      "type": "random_id",
      "name": "tunnel_secret",
      "provider": "provider[\"registry.terraform.io/hashicorp/random\"]",
      "instances": [
        {
          "schema_version": 0,
          "attributes": {
            "b64_std": "NBk9BqCDRDQuDdalNToRvg==",
            "b64_url": "NBk9BqCDRDQuDdalNToRvg",
            "byte_length": 16,
            "dec": "69250900954310086856447914778516132286",
            "hex": "34193d06a08344342e0dd6a5353a11be",
            "id": "NBk9BqCDRDQuDdalNToRvg",
            "keepers": null,
            "prefix": null
          },
          "sensitive_attributes": []
        }
      ]
    }
  ],
  "check_results": null
}
