{
  "version": 4,
  "terraform_version": "1.9.6",
  "serial": 9,
  "lineage": "82a14001-d6c0-3985-0419-c7a1e167ad0e",
  "outputs": {},
  "resources": [
    {
      "mode": "managed",
      "type": "cloudflare_zero_trust_access_application",
      "name": "app1",
      "provider": "provider[\"registry.terraform.io/cloudflare/cloudflare\"]",
      "instances": [
        {
          "schema_version": 0,
          "attributes": {
            "account_id": null,
            "allow_authenticate_via_warp": false,
            "allowed_idps": null,
            "app_launcher_logo_url": "",
            "app_launcher_visible": true,
            "aud": "bc8c45f373f300ebd0d3aeb99b7d384c2b789dc3ff0dacb2aaf654f396dd778c",
            "auto_redirect_to_identity": false,
            "bg_color": "",
            "cors_headers": [],
            "custom_deny_message": "",
            "custom_deny_url": "",
            "custom_non_identity_deny_url": "",
            "custom_pages": null,
            "domain": "webserver1.kashyapvijay.com",
            "enable_binding_cookie": false,
            "footer_links": [],
            "header_bg_color": "",
            "http_only_cookie_attribute": false,
            "id": "8e66e562-0843-4945-b11f-870afd448806",
            "landing_page_design": [],
            "logo_url": "",
            "name": "app1",
            "options_preflight_bypass": false,
            "policies": null,
            "saas_app": [],
            "same_site_cookie_attribute": "",
            "scim_config": [],
            "self_hosted_domains": null,
            "service_auth_401_redirect": false,
            "session_duration": "24h",
            "skip_app_launcher_login_page": false,
            "skip_interstitial": false,
            "tags": null,
            "target_criteria": [],
            "type": "self_hosted",
            "zone_id": "6e0ba0e81e512d90d52375ad220793e5"
          },
          "sensitive_attributes": [],
          "private": "bnVsbA=="
        }
      ]
    },
    {
      "mode": "managed",
      "type": "cloudflare_zero_trust_tunnel_cloudflared",
      "name": "tun1",
      "provider": "provider[\"registry.terraform.io/cloudflare/cloudflare\"]",
      "instances": [
        {
          "schema_version": 0,
          "attributes": {
            "account_id": "05ebce6b92b983967ba9fca114da5171",
            "cname": "5e4d1a77-7ef4-4bb8-a0a7-ea1a54acd2ff.cfargotunnel.com",
            "config_src": null,
            "id": "5e4d1a77-7ef4-4bb8-a0a7-ea1a54acd2ff",
            "name": "tun1",
            "secret": "NBk9BqCDRDQuDdalNToRvg==",
            "tunnel_token": "eyJhIjoiMDVlYmNlNmI5MmI5ODM5NjdiYTlmY2ExMTRkYTUxNzEiLCJ0IjoiNWU0ZDFhNzctN2VmNC00YmI4LWEwYTctZWExYTU0YWNkMmZmIiwicyI6Ik5CazlCcUNEUkRRdURkYWxOVG9Sdmc9PSJ9"
          },
          "sensitive_attributes": [
            [
              {
                "type": "get_attr",
                "value": "secret"
              }
            ],
            [
              {
                "type": "get_attr",
                "value": "tunnel_token"
              }
            ],
            [
              {
                "type": "get_attr",
                "value": "account_id"
              }
            ]
          ],
          "private": "bnVsbA==",
          "dependencies": [
            "random_id.tunnel_secret"
          ]
        }
      ]
    },
    {
      "mode": "managed",
      "type": "random_id",
      "name": "tunnel_secret",
      "provider": "provider[\"registry.terraform.io/hashicorp/random\"]",
      "instances": [
        {
          "schema_version": 0,
          "attributes": {
            "b64_std": "NBk9BqCDRDQuDdalNToRvg==",
            "b64_url": "NBk9BqCDRDQuDdalNToRvg",
            "byte_length": 16,
            "dec": "69250900954310086856447914778516132286",
            "hex": "34193d06a08344342e0dd6a5353a11be",
            "id": "NBk9BqCDRDQuDdalNToRvg",
            "keepers": null,
            "prefix": null
          },
          "sensitive_attributes": []
        }
      ]
    }
  ],
  "check_results": null
}
