{
  "version": 4,
  "terraform_version": "1.9.6",
  "serial": 3,
  "lineage": "82a14001-d6c0-3985-0419-c7a1e167ad0e",
  "outputs": {},
  "resources": [
    {
      "mode": "managed",
      "type": "cloudflare_zero_trust_tunnel_cloudflared",
      "name": "tun1",
      "provider": "provider[\"registry.terraform.io/cloudflare/cloudflare\"]",
      "instances": [
        {
          "schema_version": 0,
          "attributes": {
            "account_id": "05ebce6b92b983967ba9fca114da5171",
            "cname": "5e4d1a77-7ef4-4bb8-a0a7-ea1a54acd2ff.cfargotunnel.com",
            "config_src": null,
            "id": "5e4d1a77-7ef4-4bb8-a0a7-ea1a54acd2ff",
            "name": "tun1",
            "secret": "NBk9BqCDRDQuDdalNToRvg==",
            "tunnel_token": "eyJhIjoiMDVlYmNlNmI5MmI5ODM5NjdiYTlmY2ExMTRkYTUxNzEiLCJ0IjoiNWU0ZDFhNzctN2VmNC00YmI4LWEwYTctZWExYTU0YWNkMmZmIiwicyI6Ik5CazlCcUNEUkRRdURkYWxOVG9Sdmc9PSJ9"
          },
          "sensitive_attributes": [
            [
              {
                "type": "get_attr",
                "value": "tunnel_token"
              }
            ],
            [
              {
                "type": "get_attr",
                "value": "account_id"
              }
            ],
            [
              {
                "type": "get_attr",
                "value": "secret"
              }
            ]
          ],
          "private": "bnVsbA==",
          "dependencies": [
            "random_id.tunnel_secret"
          ]
        }
      ]
    },
    {
      "mode": "managed",
      "type": "random_id",
      "name": "tunnel_secret",
      "provider": "provider[\"registry.terraform.io/hashicorp/random\"]",
      "instances": [
        {
          "schema_version": 0,
          "attributes": {
            "b64_std": "NBk9BqCDRDQuDdalNToRvg==",
            "b64_url": "NBk9BqCDRDQuDdalNToRvg",
            "byte_length": 16,
            "dec": "69250900954310086856447914778516132286",
            "hex": "34193d06a08344342e0dd6a5353a11be",
            "id": "NBk9BqCDRDQuDdalNToRvg",
            "keepers": null,
            "prefix": null
          },
          "sensitive_attributes": []
        }
      ]
    }
  ],
  "check_results": null
}
